
Microsoft Visual Studio Solution File, Format Version 12.00
# Visual Studio 15
VisualStudioVersion = 15.0.27428.1
MinimumVisualStudioVersion = 10.0.40219.1
Project("{FAE04EC0-301F-11D3-BF4B-00C04F79EFBC}") = "aavr56CSharpBasics", "aavr56CSharpBasics\aavr56CSharpBasics.csproj", "{4AA6CEA0-0998-425F-9D40-909320E7E08E}"
EndProject
Global
	GlobalSection(SolutionConfigurationPlatforms) = preSolution
		Debug|Any CPU = Debug|Any CPU
		Release|Any CPU = Release|Any CPU
	EndGlobalSection
	GlobalSection(ProjectConfigurationPlatforms) = postSolution
		{4AA6CEA0-0998-425F-9D40-909320E7E08E}.Debug|Any CPU.ActiveCfg = Debug|Any CPU
		{4AA6CEA0-0998-425F-9D40-909320E7E08E}.Debug|Any CPU.Build.0 = Debug|Any CPU
		{4AA6CEA0-0998-425F-9D40-909320E7E08E}.Release|Any CPU.ActiveCfg = Release|Any CPU
		{4AA6CEA0-0998-425F-9D40-909320E7E08E}.Release|Any CPU.Build.0 = Release|Any CPU
	EndGlobalSection
	GlobalSection(SolutionProperties) = preSolution
		HideSolutionNode = FALSE
	EndGlobalSection
	GlobalSection(ExtensibilityGlobals) = postSolution
		SolutionGuid = {EC11C767-3446-4743-AA2D-7EA1E759C6E6}
	EndGlobalSection
EndGlobal
